
Microsoft Visual Studio Solution File, Format Version 12.00
# Visual Studio Version 17
VisualStudioVersion = 17.10.35122.118
MinimumVisualStudioVersion = 10.0.40219.1
Project("{FAE04EC0-301F-11D3-BF4B-00C04F79EFBC}") = "BlazorSampleAppWASMStandAlone", "BlazorSampleAppWASMStandAlone\BlazorSampleAppWASMStandAlone.csproj", "{A90ED755-F539-4EBD-8231-CA783CA30C3F}"
EndProject
Global
	GlobalSection(SolutionConfigurationPlatforms) = preSolution
		Debug|Any CPU = Debug|Any CPU
		Release|Any CPU = Release|Any CPU
	EndGlobalSection
	GlobalSection(ProjectConfigurationPlatforms) = postSolution
		{A90ED755-F539-4EBD-8231-CA783CA30C3F}.Debug|Any CPU.ActiveCfg = Debug|Any CPU
		{A90ED755-F539-4EBD-8231-CA783CA30C3F}.Debug|Any CPU.Build.0 = Debug|Any CPU
		{A90ED755-F539-4EBD-8231-CA783CA30C3F}.Release|Any CPU.ActiveCfg = Release|Any CPU
		{A90ED755-F539-4EBD-8231-CA783CA30C3F}.Release|Any CPU.Build.0 = Release|Any CPU
	EndGlobalSection
	GlobalSection(SolutionProperties) = preSolution
		HideSolutionNode = FALSE
	EndGlobalSection
	GlobalSection(ExtensibilityGlobals) = postSolution
		SolutionGuid = {833DC168-76AD-4624-AAFA-F81E7C671B4E}
	EndGlobalSection
EndGlobal
